
Microsoft Visual Studio Solution File, Format Version 12.00
# Visual Studio Version 17
VisualStudioVersion = 17.2.32630.192
MinimumVisualStudioVersion = 10.0.40219.1
Project("{9A19103F-16F7-4668-BE54-9A1E7A4F7556}") = "R5T.Lombardy.Test.Construction", "R5T.Lombardy.Test.Construction\R5T.Lombardy.Test.Construction.csproj", "{A0FDFB90-C28E-4467-A9A2-2297BF041D3B}"
EndProject
Project("{9A19103F-16F7-4668-BE54-9A1E7A4F7556}") = "R5T.Lombardy.Test", "R5T.Lombardy.Test\R5T.Lombardy.Test.csproj", "{D5BAF745-5AE2-41B9-8F14-C4AC320E7DE6}"
EndProject
Project("{2150E333-8FDC-42A3-9474-1A3956D46DE8}") = "_Dependencies", "_Dependencies", "{E6D57515-4E54-40E8-8449-E20DA3825001}"
EndProject
Project("{9A19103F-16F7-4668-BE54-9A1E7A4F7556}") = "R5T.Lombardy.Base", "..\..\R5T.Lombardy.Base\source\R5T.Lombardy.Base\R5T.Lombardy.Base.csproj", "{5D736E00-B2D6-4193-948A-7619F01260EA}"
EndProject
Project("{9A19103F-16F7-4668-BE54-9A1E7A4F7556}") = "R5T.Salamis", "..\..\R5T.Salamis\source\R5T.Salamis\R5T.Salamis.csproj", "{23AD0BA9-C9F5-4716-8718-30A198DE1336}"
EndProject
Project("{9A19103F-16F7-4668-BE54-9A1E7A4F7556}") = "R5T.Rugia", "..\..\R5T.Rugia\source\R5T.Rugia\R5T.Rugia.csproj", "{FCCDE171-0F52-4E95-AE56-DBB7CC9DE01C}"
EndProject
Project("{9A19103F-16F7-4668-BE54-9A1E7A4F7556}") = "R5T.Magyar", "..\..\R5T.Magyar\source\R5T.Magyar\R5T.Magyar.csproj", "{C57ED04F-3EC3-45E1-B65E-408CD418F685}"
EndProject
Project("{9A19103F-16F7-4668-BE54-9A1E7A4F7556}") = "R5T.Rugia.Base", "..\..\R5T.Rugia.Base\source\R5T.Rugia.Base\R5T.Rugia.Base.csproj", "{932C1B42-75D7-4F0D-AE32-DE226B07A797}"
EndProject
Project("{9A19103F-16F7-4668-BE54-9A1E7A4F7556}") = "R5T.T0064", "..\..\R5T.T0064\source\R5T.T0064\R5T.T0064.csproj", "{4CC86205-ED72-4C31-8DE2-36E3AC44B60C}"
EndProject
Project("{9A19103F-16F7-4668-BE54-9A1E7A4F7556}") = "R5T.T0143", "..\..\R5T.T0143\source\R5T.T0143\R5T.T0143.csproj", "{E108349A-12FC-4B8A-B42F-BD3D8A13BE9E}"
EndProject
Global
	GlobalSection(NestedProjects) = preSolution
		{5D736E00-B2D6-4193-948A-7619F01260EA} = {E6D57515-4E54-40E8-8449-E20DA3825001}
		{23AD0BA9-C9F5-4716-8718-30A198DE1336} = {E6D57515-4E54-40E8-8449-E20DA3825001}
		{FCCDE171-0F52-4E95-AE56-DBB7CC9DE01C} = {E6D57515-4E54-40E8-8449-E20DA3825001}
		{C57ED04F-3EC3-45E1-B65E-408CD418F685} = {E6D57515-4E54-40E8-8449-E20DA3825001}
		{932C1B42-75D7-4F0D-AE32-DE226B07A797} = {E6D57515-4E54-40E8-8449-E20DA3825001}
		{4CC86205-ED72-4C31-8DE2-36E3AC44B60C} = {E6D57515-4E54-40E8-8449-E20DA3825001}
		{E108349A-12FC-4B8A-B42F-BD3D8A13BE9E} = {E6D57515-4E54-40E8-8449-E20DA3825001}
	EndGlobalSection
	GlobalSection(SolutionConfigurationPlatforms) = preSolution
		Debug|Any CPU = Debug|Any CPU
		Debug|x64 = Debug|x64
		Debug|x86 = Debug|x86
		Release|Any CPU = Release|Any CPU
		Release|x64 = Release|x64
		Release|x86 = Release|x86
	EndGlobalSection
	GlobalSection(ProjectConfigurationPlatforms) = postSolution
		{A0FDFB90-C28E-4467-A9A2-2297BF041D3B}.Debug|Any CPU.ActiveCfg = Debug|Any CPU
		{A0FDFB90-C28E-4467-A9A2-2297BF041D3B}.Debug|Any CPU.Build.0 = Debug|Any CPU
		{A0FDFB90-C28E-4467-A9A2-2297BF041D3B}.Debug|x64.ActiveCfg = Debug|Any CPU
		{A0FDFB90-C28E-4467-A9A2-2297BF041D3B}.Debug|x64.Build.0 = Debug|Any CPU
		{A0FDFB90-C28E-4467-A9A2-2297BF041D3B}.Debug|x86.ActiveCfg = Debug|Any CPU
		{A0FDFB90-C28E-4467-A9A2-2297BF041D3B}.Debug|x86.Build.0 = Debug|Any CPU
		{A0FDFB90-C28E-4467-A9A2-2297BF041D3B}.Release|Any CPU.ActiveCfg = Release|Any CPU
		{A0FDFB90-C28E-4467-A9A2-2297BF041D3B}.Release|Any CPU.Build.0 = Release|Any CPU
		{A0FDFB90-C28E-4467-A9A2-2297BF041D3B}.Release|x64.ActiveCfg = Release|Any CPU
		{A0FDFB90-C28E-4467-A9A2-2297BF041D3B}.Release|x64.Build.0 = Release|Any CPU
		{A0FDFB90-C28E-4467-A9A2-2297BF041D3B}.Release|x86.ActiveCfg = Release|Any CPU
		{A0FDFB90-C28E-4467-A9A2-2297BF041D3B}.Release|x86.Build.0 = Release|Any CPU
		{D5BAF745-5AE2-41B9-8F14-C4AC320E7DE6}.Debug|Any CPU.ActiveCfg = Debug|Any CPU
		{D5BAF745-5AE2-41B9-8F14-C4AC320E7DE6}.Debug|Any CPU.Build.0 = Debug|Any CPU
		{D5BAF745-5AE2-41B9-8F14-C4AC320E7DE6}.Debug|x64.ActiveCfg = Debug|Any CPU
		{D5BAF745-5AE2-41B9-8F14-C4AC320E7DE6}.Debug|x64.Build.0 = Debug|Any CPU
		{D5BAF745-5AE2-41B9-8F14-C4AC320E7DE6}.Debug|x86.ActiveCfg = Debug|Any CPU
		{D5BAF745-5AE2-41B9-8F14-C4AC320E7DE6}.Debug|x86.Build.0 = Debug|Any CPU
		{D5BAF745-5AE2-41B9-8F14-C4AC320E7DE6}.Release|Any CPU.ActiveCfg = Release|Any CPU
		{D5BAF745-5AE2-41B9-8F14-C4AC320E7DE6}.Release|Any CPU.Build.0 = Release|Any CPU
		{D5BAF745-5AE2-41B9-8F14-C4AC320E7DE6}.Release|x64.ActiveCfg = Release|Any CPU
		{D5BAF745-5AE2-41B9-8F14-C4AC320E7DE6}.Release|x64.Build.0 = Release|Any CPU
		{D5BAF745-5AE2-41B9-8F14-C4AC320E7DE6}.Release|x86.ActiveCfg = Release|Any CPU
		{D5BAF745-5AE2-41B9-8F14-C4AC320E7DE6}.Release|x86.Build.0 = Release|Any CPU
		{5D736E00-B2D6-4193-948A-7619F01260EA}.Debug|Any CPU.ActiveCfg = Debug|Any CPU
		{5D736E00-B2D6-4193-948A-7619F01260EA}.Debug|Any CPU.Build.0 = Debug|Any CPU
		{5D736E00-B2D6-4193-948A-7619F01260EA}.Debug|x64.ActiveCfg = Debug|Any CPU
		{5D736E00-B2D6-4193-948A-7619F01260EA}.Debug|x64.Build.0 = Debug|Any CPU
		{5D736E00-B2D6-4193-948A-7619F01260EA}.Debug|x86.ActiveCfg = Debug|Any CPU
		{5D736E00-B2D6-4193-948A-7619F01260EA}.Debug|x86.Build.0 = Debug|Any CPU
		{5D736E00-B2D6-4193-948A-7619F01260EA}.Release|Any CPU.ActiveCfg = Release|Any CPU
		{5D736E00-B2D6-4193-948A-7619F01260EA}.Release|Any CPU.Build.0 = Release|Any CPU
		{5D736E00-B2D6-4193-948A-7619F01260EA}.Release|x64.ActiveCfg = Release|Any CPU
		{5D736E00-B2D6-4193-948A-7619F01260EA}.Release|x64.Build.0 = Release|Any CPU
		{5D736E00-B2D6-4193-948A-7619F01260EA}.Release|x86.ActiveCfg = Release|Any CPU
		{5D736E00-B2D6-4193-948A-7619F01260EA}.Release|x86.Build.0 = Release|Any CPU
		{23AD0BA9-C9F5-4716-8718-30A198DE1336}.Debug|Any CPU.ActiveCfg = Debug|Any CPU
		{23AD0BA9-C9F5-4716-8718-30A198DE1336}.Debug|Any CPU.Build.0 = Debug|Any CPU
		{23AD0BA9-C9F5-4716-8718-30A198DE1336}.Debug|x64.ActiveCfg = Debug|Any CPU
		{23AD0BA9-C9F5-4716-8718-30A198DE1336}.Debug|x64.Build.0 = Debug|Any CPU
		{23AD0BA9-C9F5-4716-8718-30A198DE1336}.Debug|x86.ActiveCfg = Debug|Any CPU
		{23AD0BA9-C9F5-4716-8718-30A198DE1336}.Debug|x86.Build.0 = Debug|Any CPU
		{23AD0BA9-C9F5-4716-8718-30A198DE1336}.Release|Any CPU.ActiveCfg = Release|Any CPU
		{23AD0BA9-C9F5-4716-8718-30A198DE1336}.Release|Any CPU.Build.0 = Release|Any CPU
		{23AD0BA9-C9F5-4716-8718-30A198DE1336}.Release|x64.ActiveCfg = Release|Any CPU
		{23AD0BA9-C9F5-4716-8718-30A198DE1336}.Release|x64.Build.0 = Release|Any CPU
		{23AD0BA9-C9F5-4716-8718-30A198DE1336}.Release|x86.ActiveCfg = Release|Any CPU
		{23AD0BA9-C9F5-4716-8718-30A198DE1336}.Release|x86.Build.0 = Release|Any CPU
		{FCCDE171-0F52-4E95-AE56-DBB7CC9DE01C}.Debug|Any CPU.ActiveCfg = Debug|Any CPU
		{FCCDE171-0F52-4E95-AE56-DBB7CC9DE01C}.Debug|Any CPU.Build.0 = Debug|Any CPU
		{FCCDE171-0F52-4E95-AE56-DBB7CC9DE01C}.Debug|x64.ActiveCfg = Debug|Any CPU
		{FCCDE171-0F52-4E95-AE56-DBB7CC9DE01C}.Debug|x64.Build.0 = Debug|Any CPU
		{FCCDE171-0F52-4E95-AE56-DBB7CC9DE01C}.Debug|x86.ActiveCfg = Debug|Any CPU
		{FCCDE171-0F52-4E95-AE56-DBB7CC9DE01C}.Debug|x86.Build.0 = Debug|Any CPU
		{FCCDE171-0F52-4E95-AE56-DBB7CC9DE01C}.Release|Any CPU.ActiveCfg = Release|Any CPU
		{FCCDE171-0F52-4E95-AE56-DBB7CC9DE01C}.Release|Any CPU.Build.0 = Release|Any CPU
		{FCCDE171-0F52-4E95-AE56-DBB7CC9DE01C}.Release|x64.ActiveCfg = Release|Any CPU
		{FCCDE171-0F52-4E95-AE56-DBB7CC9DE01C}.Release|x64.Build.0 = Release|Any CPU
		{FCCDE171-0F52-4E95-AE56-DBB7CC9DE01C}.Release|x86.ActiveCfg = Release|Any CPU
		{FCCDE171-0F52-4E95-AE56-DBB7CC9DE01C}.Release|x86.Build.0 = Release|Any CPU
		{C57ED04F-3EC3-45E1-B65E-408CD418F685}.Debug|Any CPU.ActiveCfg = Debug|Any CPU
		{C57ED04F-3EC3-45E1-B65E-408CD418F685}.Debug|Any CPU.Build.0 = Debug|Any CPU
		{C57ED04F-3EC3-45E1-B65E-408CD418F685}.Debug|x64.ActiveCfg = Debug|Any CPU
		{C57ED04F-3EC3-45E1-B65E-408CD418F685}.Debug|x64.Build.0 = Debug|Any CPU
		{C57ED04F-3EC3-45E1-B65E-408CD418F685}.Debug|x86.ActiveCfg = Debug|Any CPU
		{C57ED04F-3EC3-45E1-B65E-408CD418F685}.Debug|x86.Build.0 = Debug|Any CPU
		{C57ED04F-3EC3-45E1-B65E-408CD418F685}.Release|Any CPU.ActiveCfg = Release|Any CPU
		{C57ED04F-3EC3-45E1-B65E-408CD418F685}.Release|Any CPU.Build.0 = Release|Any CPU
		{C57ED04F-3EC3-45E1-B65E-408CD418F685}.Release|x64.ActiveCfg = Release|Any CPU
		{C57ED04F-3EC3-45E1-B65E-408CD418F685}.Release|x64.Build.0 = Release|Any CPU
		{C57ED04F-3EC3-45E1-B65E-408CD418F685}.Release|x86.ActiveCfg = Release|Any CPU
		{C57ED04F-3EC3-45E1-B65E-408CD418F685}.Release|x86.Build.0 = Release|Any CPU
		{932C1B42-75D7-4F0D-AE32-DE226B07A797}.Debug|Any CPU.ActiveCfg = Debug|Any CPU
		{932C1B42-75D7-4F0D-AE32-DE226B07A797}.Debug|Any CPU.Build.0 = Debug|Any CPU
		{932C1B42-75D7-4F0D-AE32-DE226B07A797}.Debug|x64.ActiveCfg = Debug|Any CPU
		{932C1B42-75D7-4F0D-AE32-DE226B07A797}.Debug|x64.Build.0 = Debug|Any CPU
		{932C1B42-75D7-4F0D-AE32-DE226B07A797}.Debug|x86.ActiveCfg = Debug|Any CPU
		{932C1B42-75D7-4F0D-AE32-DE226B07A797}.Debug|x86.Build.0 = Debug|Any CPU
		{932C1B42-75D7-4F0D-AE32-DE226B07A797}.Release|Any CPU.ActiveCfg = Release|Any CPU
		{932C1B42-75D7-4F0D-AE32-DE226B07A797}.Release|Any CPU.Build.0 = Release|Any CPU
		{932C1B42-75D7-4F0D-AE32-DE226B07A797}.Release|x64.ActiveCfg = Release|Any CPU
		{932C1B42-75D7-4F0D-AE32-DE226B07A797}.Release|x64.Build.0 = Release|Any CPU
		{932C1B42-75D7-4F0D-AE32-DE226B07A797}.Release|x86.ActiveCfg = Release|Any CPU
		{932C1B42-75D7-4F0D-AE32-DE226B07A797}.Release|x86.Build.0 = Release|Any CPU
		{4CC86205-ED72-4C31-8DE2-36E3AC44B60C}.Debug|Any CPU.ActiveCfg = Debug|Any CPU
		{4CC86205-ED72-4C31-8DE2-36E3AC44B60C}.Debug|Any CPU.Build.0 = Debug|Any CPU
		{4CC86205-ED72-4C31-8DE2-36E3AC44B60C}.Debug|x64.ActiveCfg = Debug|Any CPU
		{4CC86205-ED72-4C31-8DE2-36E3AC44B60C}.Debug|x64.Build.0 = Debug|Any CPU
		{4CC86205-ED72-4C31-8DE2-36E3AC44B60C}.Debug|x86.ActiveCfg = Debug|Any CPU
		{4CC86205-ED72-4C31-8DE2-36E3AC44B60C}.Debug|x86.Build.0 = Debug|Any CPU
		{4CC86205-ED72-4C31-8DE2-36E3AC44B60C}.Release|Any CPU.ActiveCfg = Release|Any CPU
		{4CC86205-ED72-4C31-8DE2-36E3AC44B60C}.Release|Any CPU.Build.0 = Release|Any CPU
		{4CC86205-ED72-4C31-8DE2-36E3AC44B60C}.Release|x64.ActiveCfg = Release|Any CPU
		{4CC86205-ED72-4C31-8DE2-36E3AC44B60C}.Release|x64.Build.0 = Release|Any CPU
		{4CC86205-ED72-4C31-8DE2-36E3AC44B60C}.Release|x86.ActiveCfg = Release|Any CPU
		{4CC86205-ED72-4C31-8DE2-36E3AC44B60C}.Release|x86.Build.0 = Release|Any CPU
		{E108349A-12FC-4B8A-B42F-BD3D8A13BE9E}.Debug|Any CPU.ActiveCfg = Debug|Any CPU
		{E108349A-12FC-4B8A-B42F-BD3D8A13BE9E}.Debug|Any CPU.Build.0 = Debug|Any CPU
		{E108349A-12FC-4B8A-B42F-BD3D8A13BE9E}.Debug|x64.ActiveCfg = Debug|Any CPU
		{E108349A-12FC-4B8A-B42F-BD3D8A13BE9E}.Debug|x64.Build.0 = Debug|Any CPU
		{E108349A-12FC-4B8A-B42F-BD3D8A13BE9E}.Debug|x86.ActiveCfg = Debug|Any CPU
		{E108349A-12FC-4B8A-B42F-BD3D8A13BE9E}.Debug|x86.Build.0 = Debug|Any CPU
		{E108349A-12FC-4B8A-B42F-BD3D8A13BE9E}.Release|Any CPU.ActiveCfg = Release|Any CPU
		{E108349A-12FC-4B8A-B42F-BD3D8A13BE9E}.Release|Any CPU.Build.0 = Release|Any CPU
		{E108349A-12FC-4B8A-B42F-BD3D8A13BE9E}.Release|x64.ActiveCfg = Release|Any CPU
		{E108349A-12FC-4B8A-B42F-BD3D8A13BE9E}.Release|x64.Build.0 = Release|Any CPU
		{E108349A-12FC-4B8A-B42F-BD3D8A13BE9E}.Release|x86.ActiveCfg = Release|Any CPU
		{E108349A-12FC-4B8A-B42F-BD3D8A13BE9E}.Release|x86.Build.0 = Release|Any CPU
	EndGlobalSection
	GlobalSection(SolutionProperties) = preSolution
		HideSolutionNode = FALSE
	EndGlobalSection
	GlobalSection(ExtensibilityGlobals) = postSolution
		SolutionGuid = {076A83C1-D102-4BBA-8E75-0F434ABDBC25}
	EndGlobalSection
EndGlobal
